
Microsoft Visual Studio Solution File, Format Version 12.00
# Visual Studio 15
VisualStudioVersion = 15.0.27130.2020
MinimumVisualStudioVersion = 10.0.40219.1
Project("{FAE04EC0-301F-11D3-BF4B-00C04F79EFBC}") = "Vidly", "Vidly\Vidly.csproj", "{6C80B96C-690B-46E1-957A-9823BC572366}"
EndProject
Global
	GlobalSection(SolutionConfigurationPlatforms) = preSolution
		Debug|Any CPU = Debug|Any CPU
		Release|Any CPU = Release|Any CPU
		Testing|Any CPU = Testing|Any CPU
	EndGlobalSection
	GlobalSection(ProjectConfigurationPlatforms) = postSolution
		{6C80B96C-690B-46E1-957A-9823BC572366}.Debug|Any CPU.ActiveCfg = Debug|Any CPU
		{6C80B96C-690B-46E1-957A-9823BC572366}.Debug|Any CPU.Build.0 = Debug|Any CPU
		{6C80B96C-690B-46E1-957A-9823BC572366}.Release|Any CPU.ActiveCfg = Release|Any CPU
		{6C80B96C-690B-46E1-957A-9823BC572366}.Release|Any CPU.Build.0 = Release|Any CPU
		{6C80B96C-690B-46E1-957A-9823BC572366}.Testing|Any CPU.ActiveCfg = Testing|Any CPU
		{6C80B96C-690B-46E1-957A-9823BC572366}.Testing|Any CPU.Build.0 = Testing|Any CPU
	EndGlobalSection
	GlobalSection(SolutionProperties) = preSolution
		HideSolutionNode = FALSE
	EndGlobalSection
	GlobalSection(ExtensibilityGlobals) = postSolution
		SolutionGuid = {7EDDA9F9-A677-41D6-A858-E346CEC0675C}
	EndGlobalSection
EndGlobal
